
Microsoft Visual Studio Solution File, Format Version 12.00
# Visual Studio Version 17
VisualStudioVersion = 17.4.33103.184
MinimumVisualStudioVersion = 10.0.40219.1
Project("{FAE04EC0-301F-11D3-BF4B-00C04F79EFBC}") = "webapi.inlock.tarde", "webapi.inlock.tarde.csproj", "{33617281-B50F-4226-AE07-D68C85B0033C}"
EndProject
Global
	GlobalSection(SolutionConfigurationPlatforms) = preSolution
		Debug|Any CPU = Debug|Any CPU
		Release|Any CPU = Release|Any CPU
	EndGlobalSection
	GlobalSection(ProjectConfigurationPlatforms) = postSolution
		{33617281-B50F-4226-AE07-D68C85B0033C}.Debug|Any CPU.ActiveCfg = Debug|Any CPU
		{33617281-B50F-4226-AE07-D68C85B0033C}.Debug|Any CPU.Build.0 = Debug|Any CPU
		{33617281-B50F-4226-AE07-D68C85B0033C}.Release|Any CPU.ActiveCfg = Release|Any CPU
		{33617281-B50F-4226-AE07-D68C85B0033C}.Release|Any CPU.Build.0 = Release|Any CPU
	EndGlobalSection
	GlobalSection(SolutionProperties) = preSolution
		HideSolutionNode = FALSE
	EndGlobalSection
	GlobalSection(ExtensibilityGlobals) = postSolution
		SolutionGuid = {3E9D1E51-E306-4CEB-B1D7-8547724D04A1}
	EndGlobalSection
EndGlobal
