
Microsoft Visual Studio Solution File, Format Version 12.00
# Visual Studio Version 17
VisualStudioVersion = 17.4.33103.184
MinimumVisualStudioVersion = 10.0.40219.1
Project("{FAE04EC0-301F-11D3-BF4B-00C04F79EFBC}") = "senai.inlock.webApi.", "..\senai.inlock.webApi\senai.inlock.webApi..csproj", "{636DC9CC-2094-4CA4-9CC9-F2B1BB6D34E7}"
EndProject
Global
	GlobalSection(SolutionConfigurationPlatforms) = preSolution
		Debug|Any CPU = Debug|Any CPU
		Release|Any CPU = Release|Any CPU
	EndGlobalSection
	GlobalSection(ProjectConfigurationPlatforms) = postSolution
		{636DC9CC-2094-4CA4-9CC9-F2B1BB6D34E7}.Debug|Any CPU.ActiveCfg = Debug|Any CPU
		{636DC9CC-2094-4CA4-9CC9-F2B1BB6D34E7}.Debug|Any CPU.Build.0 = Debug|Any CPU
		{636DC9CC-2094-4CA4-9CC9-F2B1BB6D34E7}.Release|Any CPU.ActiveCfg = Release|Any CPU
		{636DC9CC-2094-4CA4-9CC9-F2B1BB6D34E7}.Release|Any CPU.Build.0 = Release|Any CPU
	EndGlobalSection
	GlobalSection(SolutionProperties) = preSolution
		HideSolutionNode = FALSE
	EndGlobalSection
	GlobalSection(ExtensibilityGlobals) = postSolution
		SolutionGuid = {F7C64699-BC40-4038-8D30-7C9A5714FE2B}
	EndGlobalSection
EndGlobal
